// !$*UTF8*$!
{
	archiveVersion = 1;
	classes = {
	};
	objectVersion = 51;
	objects = {

/* Begin PBXBuildFile section */
		ADB689532326708D006D4E2B /* AppDelegate.swift in Sources */ = {isa = PBXBuildFile; fileRef = ADB689522326708D006D4E2B /* AppDelegate.swift */; };
		ADB689552326708D006D4E2B /* SceneDelegate.swift in Sources */ = {isa = PBXBuildFile; fileRef = ADB689542326708D006D4E2B /* SceneDelegate.swift */; };
		ADB689572326708D006D4E2B /* TipCalculatorViewController.swift in Sources */ = {isa = PBXBuildFile; fileRef = ADB689562326708D006D4E2B /* TipCalculatorViewController.swift */; };
		ADB6895A2326708D006D4E2B /* Main.storyboard in Resources */ = {isa = PBXBuildFile; fileRef = ADB689582326708D006D4E2B /* Main.storyboard */; };
		ADB6895C2326708E006D4E2B /* Assets.xcassets in Resources */ = {isa = PBXBuildFile; fileRef = ADB6895B2326708E006D4E2B /* Assets.xcassets */; };
		ADB6895F2326708E006D4E2B /* LaunchScreen.storyboard in Resources */ = {isa = PBXBuildFile; fileRef = ADB6895D2326708E006D4E2B /* LaunchScreen.storyboard */; };
		BC6331C52444E9D0009ECEB9 /* AppState.swift in Sources */ = {isa = PBXBuildFile; fileRef = BC6331C42444E9D0009ECEB9 /* AppState.swift */; };
		BC6331C72444EA78009ECEB9 /* SplitBillReducer.swift in Sources */ = {isa = PBXBuildFile; fileRef = BC6331C62444EA78009ECEB9 /* SplitBillReducer.swift */; };
		BC6331C92444EAE4009ECEB9 /* SplitBillActions.swift in Sources */ = {isa = PBXBuildFile; fileRef = BC6331C82444EAE4009ECEB9 /* SplitBillActions.swift */; };
		BCDA42E0242D338F00AF2ED5 /* TipResultViewController.swift in Sources */ = {isa = PBXBuildFile; fileRef = BCDA42DF242D338F00AF2ED5 /* TipResultViewController.swift */; };
		E2B9BCAF3F25020DD3718D8E /* Pods_Tipsy.framework in Frameworks */ = {isa = PBXBuildFile; fileRef = BC58941806AFBB9D54773C1D /* Pods_Tipsy.framework */; };
/* End PBXBuildFile section */

/* Begin PBXFileReference section */
		0CD6F5B4033093DE8AAD8C54 /* Pods-Tipsy.debug.xcconfig */ = {isa = PBXFileReference; includeInIndex = 1; lastKnownFileType = text.xcconfig; name = "Pods-Tipsy.debug.xcconfig"; path = "Target Support Files/Pods-Tipsy/Pods-Tipsy.debug.xcconfig"; sourceTree = "<group>"; };
		A261CFEB49A302560F65DFB1 /* Pods-Tipsy.release.xcconfig */ = {isa = PBXFileReference; includeInIndex = 1; lastKnownFileType = text.xcconfig; name = "Pods-Tipsy.release.xcconfig"; path = "Target Support Files/Pods-Tipsy/Pods-Tipsy.release.xcconfig"; sourceTree = "<group>"; };
		ADB6894F2326708D006D4E2B /* Tipsy.app */ = {isa = PBXFileReference; explicitFileType = wrapper.application; includeInIndex = 0; path = Tipsy.app; sourceTree = BUILT_PRODUCTS_DIR; };
		ADB689522326708D006D4E2B /* AppDelegate.swift */ = {isa = PBXFileReference; lastKnownFileType = sourcecode.swift; path = AppDelegate.swift; sourceTree = "<group>"; };
		ADB689542326708D006D4E2B /* SceneDelegate.swift */ = {isa = PBXFileReference; lastKnownFileType = sourcecode.swift; path = SceneDelegate.swift; sourceTree = "<group>"; };
		ADB689562326708D006D4E2B /* TipCalculatorViewController.swift */ = {isa = PBXFileReference; lastKnownFileType = sourcecode.swift; path = TipCalculatorViewController.swift; sourceTree = "<group>"; };
		ADB689592326708D006D4E2B /* Base */ = {isa = PBXFileReference; lastKnownFileType = file.storyboard; name = Base; path = Base.lproj/Main.storyboard; sourceTree = "<group>"; };
		ADB6895B2326708E006D4E2B /* Assets.xcassets */ = {isa = PBXFileReference; lastKnownFileType = folder.assetcatalog; path = Assets.xcassets; sourceTree = "<group>"; };
		ADB6895E2326708E006D4E2B /* Base */ = {isa = PBXFileReference; lastKnownFileType = file.storyboard; name = Base; path = Base.lproj/LaunchScreen.storyboard; sourceTree = "<group>"; };
		ADB689602326708E006D4E2B /* Info.plist */ = {isa = PBXFileReference; lastKnownFileType = text.plist.xml; path = Info.plist; sourceTree = "<group>"; };
		BC58941806AFBB9D54773C1D /* Pods_Tipsy.framework */ = {isa = PBXFileReference; explicitFileType = wrapper.framework; includeInIndex = 0; path = Pods_Tipsy.framework; sourceTree = BUILT_PRODUCTS_DIR; };
		BC6331C42444E9D0009ECEB9 /* AppState.swift */ = {isa = PBXFileReference; lastKnownFileType = sourcecode.swift; path = AppState.swift; sourceTree = "<group>"; };
		BC6331C62444EA78009ECEB9 /* SplitBillReducer.swift */ = {isa = PBXFileReference; lastKnownFileType = sourcecode.swift; path = SplitBillReducer.swift; sourceTree = "<group>"; };
		BC6331C82444EAE4009ECEB9 /* SplitBillActions.swift */ = {isa = PBXFileReference; lastKnownFileType = sourcecode.swift; path = SplitBillActions.swift; sourceTree = "<group>"; };
		BCDA42DF242D338F00AF2ED5 /* TipResultViewController.swift */ = {isa = PBXFileReference; lastKnownFileType = sourcecode.swift; path = TipResultViewController.swift; sourceTree = "<group>"; };
/* End PBXFileReference section */

/* Begin PBXFrameworksBuildPhase section */
		ADB6894C2326708D006D4E2B /* Frameworks */ = {
			isa = PBXFrameworksBuildPhase;
			buildActionMask = 2147483647;
			files = (
				E2B9BCAF3F25020DD3718D8E /* Pods_Tipsy.framework in Frameworks */,
			);
			runOnlyForDeploymentPostprocessing = 0;
		};
/* End PBXFrameworksBuildPhase section */

/* Begin PBXGroup section */
		094644D006614BD3C783DE9F /* Pods */ = {
			isa = PBXGroup;
			children = (
				0CD6F5B4033093DE8AAD8C54 /* Pods-Tipsy.debug.xcconfig */,
				A261CFEB49A302560F65DFB1 /* Pods-Tipsy.release.xcconfig */,
			);
			path = Pods;
			sourceTree = "<group>";
		};
		ADB689462326708D006D4E2B = {
			isa = PBXGroup;
			children = (
				ADB689512326708D006D4E2B /* Tipsy */,
				ADB689502326708D006D4E2B /* Products */,
				094644D006614BD3C783DE9F /* Pods */,
				B9603337948C6AAAEE38B0AC /* Frameworks */,
			);
			sourceTree = "<group>";
		};
		ADB689502326708D006D4E2B /* Products */ = {
			isa = PBXGroup;
			children = (
				ADB6894F2326708D006D4E2B /* Tipsy.app */,
			);
			name = Products;
			sourceTree = "<group>";
		};
		ADB689512326708D006D4E2B /* Tipsy */ = {
			isa = PBXGroup;
			children = (
				BC6331C32444E986009ECEB9 /* Actions */,
				BC6331C22444E97D009ECEB9 /* Reducers */,
				BC6331C12444E96D009ECEB9 /* Store */,
				ADB689522326708D006D4E2B /* AppDelegate.swift */,
				ADB689542326708D006D4E2B /* SceneDelegate.swift */,
				BCDA42DC242D329B00AF2ED5 /* Controller */,
				BCDA42DD242D32B400AF2ED5 /* View */,
				ADB6895B2326708E006D4E2B /* Assets.xcassets */,
				ADB6895D2326708E006D4E2B /* LaunchScreen.storyboard */,
				ADB689602326708E006D4E2B /* Info.plist */,
			);
			path = Tipsy;
			sourceTree = "<group>";
		};
		B9603337948C6AAAEE38B0AC /* Frameworks */ = {
			isa = PBXGroup;
			children = (
				BC58941806AFBB9D54773C1D /* Pods_Tipsy.framework */,
			);
			name = Frameworks;
			sourceTree = "<group>";
		};
		BC6331C12444E96D009ECEB9 /* Store */ = {
			isa = PBXGroup;
			children = (
				BC6331C42444E9D0009ECEB9 /* AppState.swift */,
			);
			path = Store;
			sourceTree = "<group>";
		};
		BC6331C22444E97D009ECEB9 /* Reducers */ = {
			isa = PBXGroup;
			children = (
				BC6331C62444EA78009ECEB9 /* SplitBillReducer.swift */,
			);
			path = Reducers;
			sourceTree = "<group>";
		};
		BC6331C32444E986009ECEB9 /* Actions */ = {
			isa = PBXGroup;
			children = (
				BC6331C82444EAE4009ECEB9 /* SplitBillActions.swift */,
			);
			path = Actions;
			sourceTree = "<group>";
		};
		BCDA42DC242D329B00AF2ED5 /* Controller */ = {
			isa = PBXGroup;
			children = (
				ADB689562326708D006D4E2B /* TipCalculatorViewController.swift */,
				BCDA42DF242D338F00AF2ED5 /* TipResultViewController.swift */,
			);
			path = Controller;
			sourceTree = "<group>";
		};
		BCDA42DD242D32B400AF2ED5 /* View */ = {
			isa = PBXGroup;
			children = (
				ADB689582326708D006D4E2B /* Main.storyboard */,
			);
			path = View;
			sourceTree = "<group>";
		};
/* End PBXGroup section */

/* Begin PBXNativeTarget section */
		ADB6894E2326708D006D4E2B /* Tipsy */ = {
			isa = PBXNativeTarget;
			buildConfigurationList = ADB689632326708E006D4E2B /* Build configuration list for PBXNativeTarget "Tipsy" */;
			buildPhases = (
				77039D0128FA7745C18DF291 /* [CP] Check Pods Manifest.lock */,
				ADB6894B2326708D006D4E2B /* Sources */,
				ADB6894C2326708D006D4E2B /* Frameworks */,
				ADB6894D2326708D006D4E2B /* Resources */,
				C52DC88C34A277C25E5BE5F5 /* [CP] Embed Pods Frameworks */,
			);
			buildRules = (
			);
			dependencies = (
			);
			name = Tipsy;
			productName = Tipsy;
			productReference = ADB6894F2326708D006D4E2B /* Tipsy.app */;
			productType = "com.apple.product-type.application";
		};
/* End PBXNativeTarget section */

/* Begin PBXProject section */
		ADB689472326708D006D4E2B /* Project object */ = {
			isa = PBXProject;
			attributes = {
				LastSwiftUpdateCheck = 1100;
				LastUpgradeCheck = 1100;
				ORGANIZATIONNAME = "The App Brewery";
				TargetAttributes = {
					ADB6894E2326708D006D4E2B = {
						CreatedOnToolsVersion = 11.0;
					};
				};
			};
			buildConfigurationList = ADB6894A2326708D006D4E2B /* Build configuration list for PBXProject "Tipsy" */;
			compatibilityVersion = "Xcode 9.3";
			developmentRegion = en;
			hasScannedForEncodings = 0;
			knownRegions = (
				en,
				Base,
			);
			mainGroup = ADB689462326708D006D4E2B;
			productRefGroup = ADB689502326708D006D4E2B /* Products */;
			projectDirPath = "";
			projectRoot = "";
			targets = (
				ADB6894E2326708D006D4E2B /* Tipsy */,
			);
		};
/* End PBXProject section */

/* Begin PBXResourcesBuildPhase section */
		ADB6894D2326708D006D4E2B /* Resources */ = {
			isa = PBXResourcesBuildPhase;
			buildActionMask = 2147483647;
			files = (
				ADB6895F2326708E006D4E2B /* LaunchScreen.storyboard in Resources */,
				ADB6895C2326708E006D4E2B /* Assets.xcassets in Resources */,
				ADB6895A2326708D006D4E2B /* Main.storyboard in Resources */,
			);
			runOnlyForDeploymentPostprocessing = 0;
		};
/* End PBXResourcesBuildPhase section */

/* Begin PBXShellScriptBuildPhase section */
		77039D0128FA7745C18DF291 /* [CP] Check Pods Manifest.lock */ = {
			isa = PBXShellScriptBuildPhase;
			buildActionMask = 2147483647;
			files = (
			);
			inputFileListPaths = (
			);
			inputPaths = (
				"${PODS_PODFILE_DIR_PATH}/Podfile.lock",
				"${PODS_ROOT}/Manifest.lock",
			);
			name = "[CP] Check Pods Manifest.lock";
			outputFileListPaths = (
			);
			outputPaths = (
				"$(DERIVED_FILE_DIR)/Pods-Tipsy-checkManifestLockResult.txt",
			);
			runOnlyForDeploymentPostprocessing = 0;
			shellPath = /bin/sh;
			shellScript = "diff \"${PODS_PODFILE_DIR_PATH}/Podfile.lock\" \"${PODS_ROOT}/Manifest.lock\" > /dev/null\nif [ $? != 0 ] ; then\n    # print error to STDERR\n    echo \"error: The sandbox is not in sync with the Podfile.lock. Run 'pod install' or update your CocoaPods installation.\" >&2\n    exit 1\nfi\n# This output is used by Xcode 'outputs' to avoid re-running this script phase.\necho \"SUCCESS\" > \"${SCRIPT_OUTPUT_FILE_0}\"\n";
			showEnvVarsInLog = 0;
		};
		C52DC88C34A277C25E5BE5F5 /* [CP] Embed Pods Frameworks */ = {
			isa = PBXShellScriptBuildPhase;
			buildActionMask = 2147483647;
			files = (
			);
			inputFileListPaths = (
				"${PODS_ROOT}/Target Support Files/Pods-Tipsy/Pods-Tipsy-frameworks-${CONFIGURATION}-input-files.xcfilelist",
			);
			name = "[CP] Embed Pods Frameworks";
			outputFileListPaths = (
				"${PODS_ROOT}/Target Support Files/Pods-Tipsy/Pods-Tipsy-frameworks-${CONFIGURATION}-output-files.xcfilelist",
			);
			runOnlyForDeploymentPostprocessing = 0;
			shellPath = /bin/sh;
			shellScript = "\"${PODS_ROOT}/Target Support Files/Pods-Tipsy/Pods-Tipsy-frameworks.sh\"\n";
			showEnvVarsInLog = 0;
		};
/* End PBXShellScriptBuildPhase section */

/* Begin PBXSourcesBuildPhase section */
		ADB6894B2326708D006D4E2B /* Sources */ = {
			isa = PBXSourcesBuildPhase;
			buildActionMask = 2147483647;
			files = (
				ADB689572326708D006D4E2B /* TipCalculatorViewController.swift in Sources */,
				BC6331C92444EAE4009ECEB9 /* SplitBillActions.swift in Sources */,
				ADB689532326708D006D4E2B /* AppDelegate.swift in Sources */,
				ADB689552326708D006D4E2B /* SceneDelegate.swift in Sources */,
				BC6331C52444E9D0009ECEB9 /* AppState.swift in Sources */,
				BC6331C72444EA78009ECEB9 /* SplitBillReducer.swift in Sources */,
				BCDA42E0242D338F00AF2ED5 /* TipResultViewController.swift in Sources */,
			);
			runOnlyForDeploymentPostprocessing = 0;
		};
/* End PBXSourcesBuildPhase section */

/* Begin PBXVariantGroup section */
		ADB689582326708D006D4E2B /* Main.storyboard */ = {
			isa = PBXVariantGroup;
			children = (
				ADB689592326708D006D4E2B /* Base */,
			);
			name = Main.storyboard;
			sourceTree = "<group>";
		};
		ADB6895D2326708E006D4E2B /* LaunchScreen.storyboard */ = {
			isa = PBXVariantGroup;
			children = (
				ADB6895E2326708E006D4E2B /* Base */,
			);
			name = LaunchScreen.storyboard;
			sourceTree = "<group>";
		};
/* End PBXVariantGroup section */

/* Begin XCBuildConfiguration section */
		ADB689612326708E006D4E2B /* Debug */ = {
			isa = XCBuildConfiguration;
			buildSettings = {
				ALWAYS_SEARCH_USER_PATHS = NO;
				CLANG_ANALYZER_NONNULL = YES;
				CLANG_ANALYZER_NUMBER_OBJECT_CONVERSION = YES_AGGRESSIVE;
				CLANG_CXX_LANGUAGE_STANDARD = "gnu++14";
				CLANG_CXX_LIBRARY = "libc++";
				CLANG_ENABLE_MODULES = YES;
				CLANG_ENABLE_OBJC_ARC = YES;
				CLANG_ENABLE_OBJC_WEAK = YES;
				CLANG_WARN_BLOCK_CAPTURE_AUTORELEASING = YES;
				CLANG_WARN_BOOL_CONVERSION = YES;
				CLANG_WARN_COMMA = YES;
				CLANG_WARN_CONSTANT_CONVERSION = YES;
				CLANG_WARN_DEPRECATED_OBJC_IMPLEMENTATIONS = YES;
				CLANG_WARN_DIRECT_OBJC_ISA_USAGE = YES_ERROR;
				CLANG_WARN_DOCUMENTATION_COMMENTS = YES;
				CLANG_WARN_EMPTY_BODY = YES;
				CLANG_WARN_ENUM_CONVERSION = YES;
				CLANG_WARN_INFINITE_RECURSION = YES;
				CLANG_WARN_INT_CONVERSION = YES;
				CLANG_WARN_NON_LITERAL_NULL_CONVERSION = YES;
				CLANG_WARN_OBJC_IMPLICIT_RETAIN_SELF = YES;
				CLANG_WARN_OBJC_LITERAL_CONVERSION = YES;
				CLANG_WARN_OBJC_ROOT_CLASS = YES_ERROR;
				CLANG_WARN_RANGE_LOOP_ANALYSIS = YES;
				CLANG_WARN_STRICT_PROTOTYPES = YES;
				CLANG_WARN_SUSPICIOUS_MOVE = YES;
				CLANG_WARN_UNGUARDED_AVAILABILITY = YES_AGGRESSIVE;
				CLANG_WARN_UNREACHABLE_CODE = YES;
				CLANG_WARN__DUPLICATE_METHOD_MATCH = YES;
				COPY_PHASE_STRIP = NO;
				DEBUG_INFORMATION_FORMAT = dwarf;
				ENABLE_STRICT_OBJC_MSGSEND = YES;
				ENABLE_TESTABILITY = YES;
				GCC_C_LANGUAGE_STANDARD = gnu11;
				GCC_DYNAMIC_NO_PIC = NO;
				GCC_NO_COMMON_BLOCKS = YES;
				GCC_OPTIMIZATION_LEVEL = 0;
				GCC_PREPROCESSOR_DEFINITIONS = (
					"DEBUG=1",
					"$(inherited)",
				);
				GCC_WARN_64_TO_32_BIT_CONVERSION = YES;
				GCC_WARN_ABOUT_RETURN_TYPE = YES_ERROR;
				GCC_WARN_UNDECLARED_SELECTOR = YES;
				GCC_WARN_UNINITIALIZED_AUTOS = YES_AGGRESSIVE;
				GCC_WARN_UNUSED_FUNCTION = YES;
				GCC_WARN_UNUSED_VARIABLE = YES;
				IPHONEOS_DEPLOYMENT_TARGET = 13.0;
				MTL_ENABLE_DEBUG_INFO = INCLUDE_SOURCE;
				MTL_FAST_MATH = YES;
				ONLY_ACTIVE_ARCH = YES;
				SDKROOT = iphoneos;
				SWIFT_ACTIVE_COMPILATION_CONDITIONS = DEBUG;
				SWIFT_OPTIMIZATION_LEVEL = "-Onone";
			};
			name = Debug;
		};
		ADB689622326708E006D4E2B /* Release */ = {
			isa = XCBuildConfiguration;
			buildSettings = {
				ALWAYS_SEARCH_USER_PATHS = NO;
				CLANG_ANALYZER_NONNULL = YES;
				CLANG_ANALYZER_NUMBER_OBJECT_CONVERSION = YES_AGGRESSIVE;
				CLANG_CXX_LANGUAGE_STANDARD = "gnu++14";
				CLANG_CXX_LIBRARY = "libc++";
				CLANG_ENABLE_MODULES = YES;
				CLANG_ENABLE_OBJC_ARC = YES;
				CLANG_ENABLE_OBJC_WEAK = YES;
				CLANG_WARN_BLOCK_CAPTURE_AUTORELEASING = YES;
				CLANG_WARN_BOOL_CONVERSION = YES;
				CLANG_WARN_COMMA = YES;
				CLANG_WARN_CONSTANT_CONVERSION = YES;
				CLANG_WARN_DEPRECATED_OBJC_IMPLEMENTATIONS = YES;
				CLANG_WARN_DIRECT_OBJC_ISA_USAGE = YES_ERROR;
				CLANG_WARN_DOCUMENTATION_COMMENTS = YES;
				CLANG_WARN_EMPTY_BODY = YES;
				CLANG_WARN_ENUM_CONVERSION = YES;
				CLANG_WARN_INFINITE_RECURSION = YES;
				CLANG_WARN_INT_CONVERSION = YES;
				CLANG_WARN_NON_LITERAL_NULL_CONVERSION = YES;
				CLANG_WARN_OBJC_IMPLICIT_RETAIN_SELF = YES;
				CLANG_WARN_OBJC_LITERAL_CONVERSION = YES;
				CLANG_WARN_OBJC_ROOT_CLASS = YES_ERROR;
				CLANG_WARN_RANGE_LOOP_ANALYSIS = YES;
				CLANG_WARN_STRICT_PROTOTYPES = YES;
				CLANG_WARN_SUSPICIOUS_MOVE = YES;
				CLANG_WARN_UNGUARDED_AVAILABILITY = YES_AGGRESSIVE;
				CLANG_WARN_UNREACHABLE_CODE = YES;
				CLANG_WARN__DUPLICATE_METHOD_MATCH = YES;
				COPY_PHASE_STRIP = NO;
				DEBUG_INFORMATION_FORMAT = "dwarf-with-dsym";
				ENABLE_NS_ASSERTIONS = NO;
				ENABLE_STRICT_OBJC_MSGSEND = YES;
				GCC_C_LANGUAGE_STANDARD = gnu11;
				GCC_NO_COMMON_BLOCKS = YES;
				GCC_WARN_64_TO_32_BIT_CONVERSION = YES;
				GCC_WARN_ABOUT_RETURN_TYPE = YES_ERROR;
				GCC_WARN_UNDECLARED_SELECTOR = YES;
				GCC_WARN_UNINITIALIZED_AUTOS = YES_AGGRESSIVE;
				GCC_WARN_UNUSED_FUNCTION = YES;
				GCC_WARN_UNUSED_VARIABLE = YES;
				IPHONEOS_DEPLOYMENT_TARGET = 13.0;
				MTL_ENABLE_DEBUG_INFO = NO;
				MTL_FAST_MATH = YES;
				SDKROOT = iphoneos;
				SWIFT_COMPILATION_MODE = wholemodule;
				SWIFT_OPTIMIZATION_LEVEL = "-O";
				VALIDATE_PRODUCT = YES;
			};
			name = Release;
		};
		ADB689642326708E006D4E2B /* Debug */ = {
			isa = XCBuildConfiguration;
			baseConfigurationReference = 0CD6F5B4033093DE8AAD8C54 /* Pods-Tipsy.debug.xcconfig */;
			buildSettings = {
				ASSETCATALOG_COMPILER_APPICON_NAME = AppIcon;
				CODE_SIGN_STYLE = Automatic;
				INFOPLIST_FILE = Tipsy/Info.plist;
				LD_RUNPATH_SEARCH_PATHS = (
					"$(inherited)",
					"@executable_path/Frameworks",
				);
				PRODUCT_BUNDLE_IDENTIFIER = co.appbrewery.Tipsy;
				PRODUCT_NAME = "$(TARGET_NAME)";
				SWIFT_VERSION = 5.0;
				TARGETED_DEVICE_FAMILY = "1,2";
			};
			name = Debug;
		};
		ADB689652326708E006D4E2B /* Release */ = {
			isa = XCBuildConfiguration;
			baseConfigurationReference = A261CFEB49A302560F65DFB1 /* Pods-Tipsy.release.xcconfig */;
			buildSettings = {
				ASSETCATALOG_COMPILER_APPICON_NAME = AppIcon;
				CODE_SIGN_STYLE = Automatic;
				INFOPLIST_FILE = Tipsy/Info.plist;
				LD_RUNPATH_SEARCH_PATHS = (
					"$(inherited)",
					"@executable_path/Frameworks",
				);
				PRODUCT_BUNDLE_IDENTIFIER = co.appbrewery.Tipsy;
				PRODUCT_NAME = "$(TARGET_NAME)";
				SWIFT_VERSION = 5.0;
				TARGETED_DEVICE_FAMILY = "1,2";
			};
			name = Release;
		};
/* End XCBuildConfiguration section */

/* Begin XCConfigurationList section */
		ADB6894A2326708D006D4E2B /* Build configuration list for PBXProject "Tipsy" */ = {
			isa = XCConfigurationList;
			buildConfigurations = (
				ADB689612326708E006D4E2B /* Debug */,
				ADB689622326708E006D4E2B /* Release */,
			);
			defaultConfigurationIsVisible = 0;
			defaultConfigurationName = Release;
		};
		ADB689632326708E006D4E2B /* Build configuration list for PBXNativeTarget "Tipsy" */ = {
			isa = XCConfigurationList;
			buildConfigurations = (
				ADB689642326708E006D4E2B /* Debug */,
				ADB689652326708E006D4E2B /* Release */,
			);
			defaultConfigurationIsVisible = 0;
			defaultConfigurationName = Release;
		};
/* End XCConfigurationList section */
	};
	rootObject = ADB689472326708D006D4E2B /* Project object */;
}
